
Microsoft Visual Studio Solution File, Format Version 12.00
# Visual Studio 14
VisualStudioVersion = 14.0.25123.0
MinimumVisualStudioVersion = 10.0.40219.1
Project("{FAE04EC0-301F-11D3-BF4B-00C04F79EFBC}") = "ConsoleApplication2", "ConsoleApplication2\ConsoleApplication2.csproj", "{DBEAD7BF-E197-4A73-884A-AD271ED0C388}"
EndProject
Global
	GlobalSection(SolutionConfigurationPlatforms) = preSolution
		Debug|Any CPU = Debug|Any CPU
		Release|Any CPU = Release|Any CPU
	EndGlobalSection
	GlobalSection(ProjectConfigurationPlatforms) = postSolution
		{DBEAD7BF-E197-4A73-884A-AD271ED0C388}.Debug|Any CPU.ActiveCfg = Debug|Any CPU
		{DBEAD7BF-E197-4A73-884A-AD271ED0C388}.Debug|Any CPU.Build.0 = Debug|Any CPU
		{DBEAD7BF-E197-4A73-884A-AD271ED0C388}.Release|Any CPU.ActiveCfg = Release|Any CPU
		{DBEAD7BF-E197-4A73-884A-AD271ED0C388}.Release|Any CPU.Build.0 = Release|Any CPU
	EndGlobalSection
	GlobalSection(SolutionProperties) = preSolution
		HideSolutionNode = FALSE
	EndGlobalSection
EndGlobal
